
Microsoft Visual Studio Solution File, Format Version 12.00
# Visual Studio Version 17
VisualStudioVersion = 17.12.35527.113 d17.12
MinimumVisualStudioVersion = 10.0.40219.1
Project("{FAE04EC0-301F-11D3-BF4B-00C04F79EFBC}") = "TicketSystem.UI", "TicketSystem.UI\TicketSystem.UI.csproj", "{281467DB-8900-4B60-AC41-5EE2546101C1}"
EndProject
Project("{FAE04EC0-301F-11D3-BF4B-00C04F79EFBC}") = "TicketSystem.DAL", "TicketSystem.DAL\TicketSystem.DAL.csproj", "{A5D3729B-8D60-404E-B88B-852461AF39F8}"
EndProject
Project("{FAE04EC0-301F-11D3-BF4B-00C04F79EFBC}") = "TicketSystem.BLL", "TicketSystem.BLL\TicketSystem.BLL.csproj", "{C564F0D4-D95B-423C-8D58-CCABE7E3A5E3}"
EndProject
Global
	GlobalSection(SolutionConfigurationPlatforms) = preSolution
		Debug|Any CPU = Debug|Any CPU
		Release|Any CPU = Release|Any CPU
	EndGlobalSection
	GlobalSection(ProjectConfigurationPlatforms) = postSolution
		{281467DB-8900-4B60-AC41-5EE2546101C1}.Debug|Any CPU.ActiveCfg = Debug|Any CPU
		{281467DB-8900-4B60-AC41-5EE2546101C1}.Debug|Any CPU.Build.0 = Debug|Any CPU
		{281467DB-8900-4B60-AC41-5EE2546101C1}.Release|Any CPU.ActiveCfg = Release|Any CPU
		{281467DB-8900-4B60-AC41-5EE2546101C1}.Release|Any CPU.Build.0 = Release|Any CPU
		{A5D3729B-8D60-404E-B88B-852461AF39F8}.Debug|Any CPU.ActiveCfg = Debug|Any CPU
		{A5D3729B-8D60-404E-B88B-852461AF39F8}.Debug|Any CPU.Build.0 = Debug|Any CPU
		{A5D3729B-8D60-404E-B88B-852461AF39F8}.Release|Any CPU.ActiveCfg = Release|Any CPU
		{A5D3729B-8D60-404E-B88B-852461AF39F8}.Release|Any CPU.Build.0 = Release|Any CPU
		{C564F0D4-D95B-423C-8D58-CCABE7E3A5E3}.Debug|Any CPU.ActiveCfg = Debug|Any CPU
		{C564F0D4-D95B-423C-8D58-CCABE7E3A5E3}.Debug|Any CPU.Build.0 = Debug|Any CPU
		{C564F0D4-D95B-423C-8D58-CCABE7E3A5E3}.Release|Any CPU.ActiveCfg = Release|Any CPU
		{C564F0D4-D95B-423C-8D58-CCABE7E3A5E3}.Release|Any CPU.Build.0 = Release|Any CPU
	EndGlobalSection
	GlobalSection(SolutionProperties) = preSolution
		HideSolutionNode = FALSE
	EndGlobalSection
EndGlobal
